{
  "originHash" : "0b259305c79b43bd28588de5e0c43ddf1732e8cceb8ca1c216b1788262f09806",
  "pins" : [
    {
      "identity" : "srhealthkitmanager",
      "kind" : "remoteSourceControl",
      "location" : "https://github.com/siamakrostami/SRHealthKitManager",
      "state" : {
        "revision" : "790d971827eee347c25f5b4cb354aff5157e2930",
        "version" : "1.0.2"
      }
    }
  ],
  "version" : 3
}
